
Microsoft Visual Studio Solution File, Format Version 12.00
# Visual Studio Version 17
VisualStudioVersion = 17.9.34728.123
MinimumVisualStudioVersion = 10.0.40219.1
Project("{FAE04EC0-301F-11D3-BF4B-00C04F79EFBC}") = "CompressionTool", "CompressionTool\CompressionTool.csproj", "{1D61F993-9C20-42B8-9195-79B9BE053F45}"
EndProject
Project("{FAE04EC0-301F-11D3-BF4B-00C04F79EFBC}") = "CompressionTool.Tests", "CompressionTool.Tests\CompressionTool.Tests.csproj", "{837A4715-84BE-470F-88F1-B60111563D7E}"
EndProject
Global
	GlobalSection(SolutionConfigurationPlatforms) = preSolution
		Debug|Any CPU = Debug|Any CPU
		Release|Any CPU = Release|Any CPU
	EndGlobalSection
	GlobalSection(ProjectConfigurationPlatforms) = postSolution
		{1D61F993-9C20-42B8-9195-79B9BE053F45}.Debug|Any CPU.ActiveCfg = Debug|Any CPU
		{1D61F993-9C20-42B8-9195-79B9BE053F45}.Debug|Any CPU.Build.0 = Debug|Any CPU
		{1D61F993-9C20-42B8-9195-79B9BE053F45}.Release|Any CPU.ActiveCfg = Release|Any CPU
		{1D61F993-9C20-42B8-9195-79B9BE053F45}.Release|Any CPU.Build.0 = Release|Any CPU
		{837A4715-84BE-470F-88F1-B60111563D7E}.Debug|Any CPU.ActiveCfg = Debug|Any CPU
		{837A4715-84BE-470F-88F1-B60111563D7E}.Debug|Any CPU.Build.0 = Debug|Any CPU
		{837A4715-84BE-470F-88F1-B60111563D7E}.Release|Any CPU.ActiveCfg = Release|Any CPU
		{837A4715-84BE-470F-88F1-B60111563D7E}.Release|Any CPU.Build.0 = Release|Any CPU
	EndGlobalSection
	GlobalSection(SolutionProperties) = preSolution
		HideSolutionNode = FALSE
	EndGlobalSection
	GlobalSection(ExtensibilityGlobals) = postSolution
		SolutionGuid = {0E42C705-89F1-45EC-84B8-F1321AD9C65A}
	EndGlobalSection
EndGlobal
